
Microsoft Visual Studio Solution File, Format Version 12.00
# Visual Studio 15
VisualStudioVersion = 15.0.27130.2036
MinimumVisualStudioVersion = 10.0.40219.1
Project("{FAE04EC0-301F-11D3-BF4B-00C04F79EFBC}") = "MaratonaBot", "MaratonaBot\MaratonaBot.csproj", "{90A6B676-EE87-4210-A142-F9485BE90324}"
EndProject
Global
	GlobalSection(SolutionConfigurationPlatforms) = preSolution
		Debug|Any CPU = Debug|Any CPU
		Release|Any CPU = Release|Any CPU
	EndGlobalSection
	GlobalSection(ProjectConfigurationPlatforms) = postSolution
		{90A6B676-EE87-4210-A142-F9485BE90324}.Debug|Any CPU.ActiveCfg = Debug|Any CPU
		{90A6B676-EE87-4210-A142-F9485BE90324}.Debug|Any CPU.Build.0 = Debug|Any CPU
		{90A6B676-EE87-4210-A142-F9485BE90324}.Release|Any CPU.ActiveCfg = Release|Any CPU
		{90A6B676-EE87-4210-A142-F9485BE90324}.Release|Any CPU.Build.0 = Release|Any CPU
	EndGlobalSection
	GlobalSection(SolutionProperties) = preSolution
		HideSolutionNode = FALSE
	EndGlobalSection
	GlobalSection(ExtensibilityGlobals) = postSolution
		SolutionGuid = {D10B5520-7678-4957-9316-1699C39A467C}
	EndGlobalSection
EndGlobal
